{
  "name": "Family-Tree-Wiki",
  "description": "Personal project to create a wiki to aid story writing",
  "version": "0.1",
  "author": "Michael Ly",
  "private": true,
  "homepage": "https://github.com/infinitesolargalaxy/Family-Tree-Wiki#readme",
  "bugs": {
    "url": "https://github.com/infinitesolargalaxy/Family-Tree-Wiki/issues"
  },
  "repository": {
    "type" : "git",
    "url" : "https://github.com/npm/cli.git"
  },
  "license": "MIT",
  "lockfileVersion": 1,
  "scripts": {
  },
  "dependencies": {
  },
  "devDependencies": {
  }
}
